
Microsoft Visual Studio Solution File, Format Version 12.00
# Visual Studio Version 16
VisualStudioVersion = 16.0.29709.97
MinimumVisualStudioVersion = 10.0.40219.1
Project("{FAE04EC0-301F-11D3-BF4B-00C04F79EFBC}") = "mooks.authenticationservice", "mooks.authenticationservice.csproj", "{C0B9BE71-AE0A-4C76-9E1A-5CB19D3C681F}"
EndProject
Project("{FAE04EC0-301F-11D3-BF4B-00C04F79EFBC}") = "mooks.authenticationservice.contracts", "..\mooks.authenticationservice.contracts\mooks.authenticationservice.contracts.csproj", "{1946D405-10F8-49EC-80DD-00E53A4AC0B2}"
EndProject
Global
	GlobalSection(SolutionConfigurationPlatforms) = preSolution
		Debug|Any CPU = Debug|Any CPU
		Release|Any CPU = Release|Any CPU
	EndGlobalSection
	GlobalSection(ProjectConfigurationPlatforms) = postSolution
		{C0B9BE71-AE0A-4C76-9E1A-5CB19D3C681F}.Debug|Any CPU.ActiveCfg = Debug|Any CPU
		{C0B9BE71-AE0A-4C76-9E1A-5CB19D3C681F}.Debug|Any CPU.Build.0 = Debug|Any CPU
		{C0B9BE71-AE0A-4C76-9E1A-5CB19D3C681F}.Release|Any CPU.ActiveCfg = Release|Any CPU
		{C0B9BE71-AE0A-4C76-9E1A-5CB19D3C681F}.Release|Any CPU.Build.0 = Release|Any CPU
		{1946D405-10F8-49EC-80DD-00E53A4AC0B2}.Debug|Any CPU.ActiveCfg = Debug|Any CPU
		{1946D405-10F8-49EC-80DD-00E53A4AC0B2}.Debug|Any CPU.Build.0 = Debug|Any CPU
		{1946D405-10F8-49EC-80DD-00E53A4AC0B2}.Release|Any CPU.ActiveCfg = Release|Any CPU
		{1946D405-10F8-49EC-80DD-00E53A4AC0B2}.Release|Any CPU.Build.0 = Release|Any CPU
	EndGlobalSection
	GlobalSection(SolutionProperties) = preSolution
		HideSolutionNode = FALSE
	EndGlobalSection
	GlobalSection(ExtensibilityGlobals) = postSolution
		SolutionGuid = {67DF29D0-83F4-471A-A5C7-344D6C7F68CB}
	EndGlobalSection
EndGlobal
